{
    "hash": "3af9cf7449e943666754616b6e095ab8",
    "packages": [
        {
            "name": "symfony/filesystem",
            "version": "dev-master",
            "target-dir": "Symfony/Component/Filesystem",
            "source": {
                "type": "git",
                "url": "https://github.com/symfony/Filesystem",
                "reference": "ef5f0ab0c2115494911118f7014be5ebddbf172f"
            },
            "dist": {
                "type": "zip",
                "url": "https://github.com/symfony/Filesystem/zipball/ef5f0ab0c2115494911118f7014be5ebddbf172f",
                "reference": "ef5f0ab0c2115494911118f7014be5ebddbf172f",
                "shasum": ""
            },
            "require": {
                "php": ">=5.3.3"
            },
            "time": "1351093287",
            "type": "library",
            "extra": {
                "branch-alias": {
                    "dev-master": "2.2-dev"
                }
            },
            "installation-source": "source",
            "autoload": {
                "psr-0": {
                    "Symfony\\Component\\Filesystem\\": ""
                }
            },
            "license": [
                "MIT"
            ],
            "authors": [
                {
                    "name": "Fabien Potencier",
                    "email": "fabien@symfony.com"
                },
                {
                    "name": "Symfony Community",
                    "homepage": "http://symfony.com/contributors"
                }
            ],
            "description": "Symfony Filesystem Component",
            "homepage": "http://symfony.com"
        }
    ],
    "packages-dev": null,
    "aliases": [

    ],
    "minimum-stability": "dev",
    "stability-flags": [

    ]
}
